{
  "nodes": {
    "nixpkgs": {
      "locked": {
        "lastModified": 1774610258,
        "narHash": "sha256-HaThtroVD9wRdx7KQk0B75JmFcXlMUoEdDFNOMOlsOs=",
        "owner": "NixOS",
        "repo": "nixpkgs",
        "rev": "832efc09b4caf6b4569fbf9dc01bec3082a00611",
        "type": "github"
      },
      "original": {
        "owner": "NixOS",
        "ref": "nixpkgs-unstable",
        "repo": "nixpkgs",
        "type": "github"
      }
    },
    "nixpkgs-sherpa": {
      "locked": {
        "lastModified": 1781551001,
        "narHash": "sha256-RHb5/x5b7QelpNklNjomDx2hxMBmUjUr9OwwndoG7Dw=",
        "owner": "NixOS",
        "repo": "nixpkgs",
        "rev": "a9630bf480bf699d6792772fd0a5ee1b9084825b",
        "type": "github"
      },
      "original": {
        "owner": "NixOS",
        "repo": "nixpkgs",
        "rev": "a9630bf480bf699d6792772fd0a5ee1b9084825b",
        "type": "github"
      }
    },
    "root": {
      "inputs": {
        "nixpkgs": "nixpkgs",
        "nixpkgs-sherpa": "nixpkgs-sherpa"
      }
    }
  },
  "root": "root",
  "version": 7
}
